
Microsoft Visual Studio Solution File, Format Version 12.00
Project("{FAE04EC0-301F-11D3-BF4B-00C04F79EFBC}") = "Src", "src", "{1572E273-3ADB-4E50-85A0-313E8D684FD2}"
EndProject
Project("{FAE04EC0-301F-11D3-BF4B-00C04F79EFBC}") = "Tests", "tests", "{9C026AF6-D2D8-400B-BE02-BA6F6AA493F8}"
ProjectSection(SolutionItems) = preProject
	src = src
	src\docker-compose.yml = src\docker-compose.yml
	src\docker = src\docker
	src\.dockerignore = src\.dockerignore
	src\.env.dist = src\.env.dist
EndProjectSection
EndProject
Project("{FAE04EC0-301F-11D3-BF4B-00C04F79EFBC}") = "Twith.API", "src\Twith.API\Twith.API.csproj", "{0B0A173F-35CB-45BD-8659-473CA26FF004}"
EndProject
Project("{FAE04EC0-301F-11D3-BF4B-00C04F79EFBC}") = "Twith.Domain", "src\Twith.Domain\Twith.Domain.csproj", "{F1463602-2A61-44D5-B6EF-FFA5D3FD6260}"
EndProject
Project("{FAE04EC0-301F-11D3-BF4B-00C04F79EFBC}") = "Twith.Infrastructure", "src\Twith.Infrastructure\Twith.Infrastructure.csproj", "{AE5B709E-296C-417E-B496-E5201B7B9A5B}"
EndProject
Project("{FAE04EC0-301F-11D3-BF4B-00C04F79EFBC}") = "Twith.Application", "src\Twith.Application\Twith.Application.csproj", "{C0020E13-813D-416E-9933-4087B41E1D20}"
EndProject
Project("{FAE04EC0-301F-11D3-BF4B-00C04F79EFBC}") = "Twith.Domain.Test", "tests\Twith.Domain.Test\Twith.Domain.Test.csproj", "{30D51756-3187-4FAA-8A5F-0371DB84DDA9}"
EndProject
Project("{FAE04EC0-301F-11D3-BF4B-00C04F79EFBC}") = "Twith.Test.Helpers", "tests\Twith.Test.Helpers\Twith.Test.Helpers.csproj", "{22AF1B81-6277-4B30-97C5-761FFD230899}"
EndProject
Project("{FAE04EC0-301F-11D3-BF4B-00C04F79EFBC}") = "Twith.Identity", "src\Twith.Identity\Twith.Identity.csproj", "{EA580DBF-7E18-4C3D-9CF4-CAD09DB74BF5}"
EndProject
Project("{FAE04EC0-301F-11D3-BF4B-00C04F79EFBC}") = "Twith.IoC", "src\Twith.IoC\Twith.IoC.csproj", "{741C9C5E-FE9D-4028-BD9C-217C946F3357}"
EndProject
Project("{FAE04EC0-301F-11D3-BF4B-00C04F79EFBC}") = "Twith.API.Test", "tests\Twith.API.Test\Twith.API.Test.csproj", "{0A9AC622-DBEF-4732-A338-77A385AAB3D1}"
EndProject
Global
	GlobalSection(SolutionConfigurationPlatforms) = preSolution
		Debug|Any CPU = Debug|Any CPU
		Release|Any CPU = Release|Any CPU
	EndGlobalSection
	GlobalSection(ProjectConfigurationPlatforms) = postSolution
		{0B0A173F-35CB-45BD-8659-473CA26FF004}.Debug|Any CPU.ActiveCfg = Debug|Any CPU
		{0B0A173F-35CB-45BD-8659-473CA26FF004}.Debug|Any CPU.Build.0 = Debug|Any CPU
		{0B0A173F-35CB-45BD-8659-473CA26FF004}.Release|Any CPU.ActiveCfg = Release|Any CPU
		{0B0A173F-35CB-45BD-8659-473CA26FF004}.Release|Any CPU.Build.0 = Release|Any CPU
		{F1463602-2A61-44D5-B6EF-FFA5D3FD6260}.Debug|Any CPU.ActiveCfg = Debug|Any CPU
		{F1463602-2A61-44D5-B6EF-FFA5D3FD6260}.Debug|Any CPU.Build.0 = Debug|Any CPU
		{F1463602-2A61-44D5-B6EF-FFA5D3FD6260}.Release|Any CPU.ActiveCfg = Release|Any CPU
		{F1463602-2A61-44D5-B6EF-FFA5D3FD6260}.Release|Any CPU.Build.0 = Release|Any CPU
		{AE5B709E-296C-417E-B496-E5201B7B9A5B}.Debug|Any CPU.ActiveCfg = Debug|Any CPU
		{AE5B709E-296C-417E-B496-E5201B7B9A5B}.Debug|Any CPU.Build.0 = Debug|Any CPU
		{AE5B709E-296C-417E-B496-E5201B7B9A5B}.Release|Any CPU.ActiveCfg = Release|Any CPU
		{AE5B709E-296C-417E-B496-E5201B7B9A5B}.Release|Any CPU.Build.0 = Release|Any CPU
		{C0020E13-813D-416E-9933-4087B41E1D20}.Debug|Any CPU.ActiveCfg = Debug|Any CPU
		{C0020E13-813D-416E-9933-4087B41E1D20}.Debug|Any CPU.Build.0 = Debug|Any CPU
		{C0020E13-813D-416E-9933-4087B41E1D20}.Release|Any CPU.ActiveCfg = Release|Any CPU
		{C0020E13-813D-416E-9933-4087B41E1D20}.Release|Any CPU.Build.0 = Release|Any CPU
		{30D51756-3187-4FAA-8A5F-0371DB84DDA9}.Debug|Any CPU.ActiveCfg = Debug|Any CPU
		{30D51756-3187-4FAA-8A5F-0371DB84DDA9}.Debug|Any CPU.Build.0 = Debug|Any CPU
		{30D51756-3187-4FAA-8A5F-0371DB84DDA9}.Release|Any CPU.ActiveCfg = Release|Any CPU
		{30D51756-3187-4FAA-8A5F-0371DB84DDA9}.Release|Any CPU.Build.0 = Release|Any CPU
		{22AF1B81-6277-4B30-97C5-761FFD230899}.Debug|Any CPU.ActiveCfg = Debug|Any CPU
		{22AF1B81-6277-4B30-97C5-761FFD230899}.Debug|Any CPU.Build.0 = Debug|Any CPU
		{22AF1B81-6277-4B30-97C5-761FFD230899}.Release|Any CPU.ActiveCfg = Release|Any CPU
		{22AF1B81-6277-4B30-97C5-761FFD230899}.Release|Any CPU.Build.0 = Release|Any CPU
		{EA580DBF-7E18-4C3D-9CF4-CAD09DB74BF5}.Debug|Any CPU.ActiveCfg = Debug|Any CPU
		{EA580DBF-7E18-4C3D-9CF4-CAD09DB74BF5}.Debug|Any CPU.Build.0 = Debug|Any CPU
		{EA580DBF-7E18-4C3D-9CF4-CAD09DB74BF5}.Release|Any CPU.ActiveCfg = Release|Any CPU
		{EA580DBF-7E18-4C3D-9CF4-CAD09DB74BF5}.Release|Any CPU.Build.0 = Release|Any CPU
		{741C9C5E-FE9D-4028-BD9C-217C946F3357}.Debug|Any CPU.ActiveCfg = Debug|Any CPU
		{741C9C5E-FE9D-4028-BD9C-217C946F3357}.Debug|Any CPU.Build.0 = Debug|Any CPU
		{741C9C5E-FE9D-4028-BD9C-217C946F3357}.Release|Any CPU.ActiveCfg = Release|Any CPU
		{741C9C5E-FE9D-4028-BD9C-217C946F3357}.Release|Any CPU.Build.0 = Release|Any CPU
		{0A9AC622-DBEF-4732-A338-77A385AAB3D1}.Debug|Any CPU.ActiveCfg = Debug|Any CPU
		{0A9AC622-DBEF-4732-A338-77A385AAB3D1}.Debug|Any CPU.Build.0 = Debug|Any CPU
		{0A9AC622-DBEF-4732-A338-77A385AAB3D1}.Release|Any CPU.ActiveCfg = Release|Any CPU
		{0A9AC622-DBEF-4732-A338-77A385AAB3D1}.Release|Any CPU.Build.0 = Release|Any CPU
	EndGlobalSection
EndGlobal
